
Microsoft Visual Studio Solution File, Format Version 12.00
# Visual Studio 15
VisualStudioVersion = 15.0.28307.168
MinimumVisualStudioVersion = 10.0.40219.1
Project("{FAE04EC0-301F-11D3-BF4B-00C04F79EFBC}") = "DecisionCore", "DecisionCore\DecisionCore.csproj", "{BE3E080B-5D0E-49A6-B96C-D532BB9E34CC}"
EndProject
Global
	GlobalSection(SolutionConfigurationPlatforms) = preSolution
		Debug|Any CPU = Debug|Any CPU
		Release|Any CPU = Release|Any CPU
	EndGlobalSection
	GlobalSection(ProjectConfigurationPlatforms) = postSolution
		{BE3E080B-5D0E-49A6-B96C-D532BB9E34CC}.Debug|Any CPU.ActiveCfg = Debug|Any CPU
		{BE3E080B-5D0E-49A6-B96C-D532BB9E34CC}.Debug|Any CPU.Build.0 = Debug|Any CPU
		{BE3E080B-5D0E-49A6-B96C-D532BB9E34CC}.Release|Any CPU.ActiveCfg = Release|Any CPU
		{BE3E080B-5D0E-49A6-B96C-D532BB9E34CC}.Release|Any CPU.Build.0 = Release|Any CPU
	EndGlobalSection
	GlobalSection(SolutionProperties) = preSolution
		HideSolutionNode = FALSE
	EndGlobalSection
	GlobalSection(ExtensibilityGlobals) = postSolution
		SolutionGuid = {68ADD795-7D86-4E79-B50B-75D58D2C5EEA}
	EndGlobalSection
EndGlobal
